// !$*UTF8*$!
{
	archiveVersion = 1;
	classes = {
	};
	objectVersion = 46;
	objects = {

/* Begin PBXBuildFile section */
		113CB12F1E86A2110054B413 /* NewsStoryboard.storyboard in Resources */ = {isa = PBXBuildFile; fileRef = 113CB12E1E86A2110054B413 /* NewsStoryboard.storyboard */; };
		113CB1581E86B48A0054B413 /* PhotoStoryboard.storyboard in Resources */ = {isa = PBXBuildFile; fileRef = 113CB1571E86B48A0054B413 /* PhotoStoryboard.storyboard */; };
		113CB15A1E86B4A10054B413 /* ProfileStoryboard.storyboard in Resources */ = {isa = PBXBuildFile; fileRef = 113CB1591E86B4A10054B413 /* ProfileStoryboard.storyboard */; };
		113CB1671E89AC800054B413 /* NewsController.swift in Sources */ = {isa = PBXBuildFile; fileRef = 113CB1661E89AC800054B413 /* NewsController.swift */; };
		113CB1691E89ACAF0054B413 /* PhotoController.swift in Sources */ = {isa = PBXBuildFile; fileRef = 113CB1681E89ACAF0054B413 /* PhotoController.swift */; };
		113CB1741E8EECBC0054B413 /* ProfileController.swift in Sources */ = {isa = PBXBuildFile; fileRef = 113CB1731E8EECBC0054B413 /* ProfileController.swift */; };
		113CB1781E8FB05A0054B413 /* UserPhotoCell.swift in Sources */ = {isa = PBXBuildFile; fileRef = 113CB1771E8FB05A0054B413 /* UserPhotoCell.swift */; };
		1156B20C1E92D3DD00FAEA51 /* HeaderProfileView.swift in Sources */ = {isa = PBXBuildFile; fileRef = 1156B20B1E92D3DD00FAEA51 /* HeaderProfileView.swift */; };
		1156B20E1E92D4BF00FAEA51 /* ProfileGridCell.swift in Sources */ = {isa = PBXBuildFile; fileRef = 1156B20D1E92D4BF00FAEA51 /* ProfileGridCell.swift */; };
		1156B2101E9C155F00FAEA51 /* FollowersController.swift in Sources */ = {isa = PBXBuildFile; fileRef = 1156B20F1E9C155F00FAEA51 /* FollowersController.swift */; };
		1156B2131E9C1BB800FAEA51 /* FollowerCell.swift in Sources */ = {isa = PBXBuildFile; fileRef = 1156B2111E9C1BB800FAEA51 /* FollowerCell.swift */; };
		1156B2141E9C1BB800FAEA51 /* FollowerCell.xib in Resources */ = {isa = PBXBuildFile; fileRef = 1156B2121E9C1BB800FAEA51 /* FollowerCell.xib */; };
		1156B2191E9E473D00FAEA51 /* FollowingCell.swift in Sources */ = {isa = PBXBuildFile; fileRef = 1156B2171E9E473D00FAEA51 /* FollowingCell.swift */; };
		1156B21C1E9E51BC00FAEA51 /* PictureController.swift in Sources */ = {isa = PBXBuildFile; fileRef = 1156B21B1E9E51BC00FAEA51 /* PictureController.swift */; };
		1156B21E1E9ED2E000FAEA51 /* HeaderPhotoView.swift in Sources */ = {isa = PBXBuildFile; fileRef = 1156B21D1E9ED2E000FAEA51 /* HeaderPhotoView.swift */; };
		1156B2201E9ED30400FAEA51 /* PhotoGridCell.swift in Sources */ = {isa = PBXBuildFile; fileRef = 1156B21F1E9ED30400FAEA51 /* PhotoGridCell.swift */; };
		117D09011ED0471B0092378F /* User.swift in Sources */ = {isa = PBXBuildFile; fileRef = 117D09001ED0471B0092378F /* User.swift */; };
		11970FDF1ED24A5D00FF1151 /* UserPhoto.swift in Sources */ = {isa = PBXBuildFile; fileRef = 11970FDE1ED24A5D00FF1151 /* UserPhoto.swift */; };
		11970FE11ED2EC7500FF1151 /* Photos.framework in Frameworks */ = {isa = PBXBuildFile; fileRef = 11970FE01ED2EC7500FF1151 /* Photos.framework */; };
		11BF56261ED876DC00BA8A7E /* ProfilePhoto.swift in Sources */ = {isa = PBXBuildFile; fileRef = 11BF56251ED876DC00BA8A7E /* ProfilePhoto.swift */; };
		11BF562A1EDB1C0500BA8A7E /* PhotoCollectionView.swift in Sources */ = {isa = PBXBuildFile; fileRef = 11BF56291EDB1C0500BA8A7E /* PhotoCollectionView.swift */; };
		11BF562C1EDB224000BA8A7E /* PhotoViewController.swift in Sources */ = {isa = PBXBuildFile; fileRef = 11BF562B1EDB224000BA8A7E /* PhotoViewController.swift */; };
		11BF562E1EDB7BD500BA8A7E /* SentPhotoTableViewController.swift in Sources */ = {isa = PBXBuildFile; fileRef = 11BF562D1EDB7BD500BA8A7E /* SentPhotoTableViewController.swift */; };
		11FE47621E81DE1F00D57721 /* AppDelegate.swift in Sources */ = {isa = PBXBuildFile; fileRef = 11FE47611E81DE1F00D57721 /* AppDelegate.swift */; };
		11FE47641E81DE1F00D57721 /* ViewController.swift in Sources */ = {isa = PBXBuildFile; fileRef = 11FE47631E81DE1F00D57721 /* ViewController.swift */; };
		11FE47671E81DE1F00D57721 /* Main.storyboard in Resources */ = {isa = PBXBuildFile; fileRef = 11FE47651E81DE1F00D57721 /* Main.storyboard */; };
		11FE476A1E81DE1F00D57721 /* InstaVK.xcdatamodeld in Sources */ = {isa = PBXBuildFile; fileRef = 11FE47681E81DE1F00D57721 /* InstaVK.xcdatamodeld */; };
		11FE476C1E81DE1F00D57721 /* Assets.xcassets in Resources */ = {isa = PBXBuildFile; fileRef = 11FE476B1E81DE1F00D57721 /* Assets.xcassets */; };
		63258F5C1EC0AEE100EC7B0A /* NetworkManager.swift in Sources */ = {isa = PBXBuildFile; fileRef = 63258F5B1EC0AEE100EC7B0A /* NetworkManager.swift */; };
		63258F5E1EC0C36100EC7B0A /* Post.swift in Sources */ = {isa = PBXBuildFile; fileRef = 63258F5D1EC0C36100EC7B0A /* Post.swift */; };
		63258F601EC3A7F900EC7B0A /* Profile.swift in Sources */ = {isa = PBXBuildFile; fileRef = 63258F5F1EC3A7F900EC7B0A /* Profile.swift */; };
		6336C9EC1EAD2B5500235933 /* VkAppUtils.swift in Sources */ = {isa = PBXBuildFile; fileRef = 6336C9EB1EAD2B5500235933 /* VkAppUtils.swift */; };
		633BD6951EA3EC4500378414 /* LoginController.swift in Sources */ = {isa = PBXBuildFile; fileRef = 633BD6931EA3EC4500378414 /* LoginController.swift */; };
		636862A21ED7B2F700C8A7AA /* SDWebImage.framework in Frameworks */ = {isa = PBXBuildFile; fileRef = 636862A11ED7B2F700C8A7AA /* SDWebImage.framework */; };
		636BEE171ED3974E001B790B /* Comment.swift in Sources */ = {isa = PBXBuildFile; fileRef = 636BEE161ED3974E001B790B /* Comment.swift */; };
		6394EB571EB266A0005AA9DD /* Launch Screen.storyboard in Resources */ = {isa = PBXBuildFile; fileRef = 6394EB561EB266A0005AA9DD /* Launch Screen.storyboard */; };
		6394EB5A1EB268BF005AA9DD /* billabong.ttf in Resources */ = {isa = PBXBuildFile; fileRef = 6394EB591EB268BF005AA9DD /* billabong.ttf */; };
		63A455121E93A3C2008C4D5E /* CommentCell.swift in Sources */ = {isa = PBXBuildFile; fileRef = 63A455101E93A3C2008C4D5E /* CommentCell.swift */; };
		63A455131E93A3C2008C4D5E /* CommentCell.xib in Resources */ = {isa = PBXBuildFile; fileRef = 63A455111E93A3C2008C4D5E /* CommentCell.xib */; };
		63A455161E93A7E1008C4D5E /* CommentsController.swift in Sources */ = {isa = PBXBuildFile; fileRef = 63A455141E93A7E1008C4D5E /* CommentsController.swift */; };
		63C98EC21EB4F6310042D760 /* PictureCell.swift in Sources */ = {isa = PBXBuildFile; fileRef = 63C98EC01EB4F6310042D760 /* PictureCell.swift */; };
		63C98EC31EB4F6310042D760 /* PictureCell.xib in Resources */ = {isa = PBXBuildFile; fileRef = 63C98EC11EB4F6310042D760 /* PictureCell.xib */; };
		63E3C8E51ED052C6006C6A61 /* PreviewPhotoView.swift in Sources */ = {isa = PBXBuildFile; fileRef = 63E3C8E41ED052C6006C6A61 /* PreviewPhotoView.swift */; };
		63EE85871ECF97CF00B79D22 /* CameraController.swift in Sources */ = {isa = PBXBuildFile; fileRef = 63EE85861ECF97CF00B79D22 /* CameraController.swift */; };
		75F7A72321B31287936D92E9 /* Pods_InstaVK.framework in Frameworks */ = {isa = PBXBuildFile; fileRef = 74443CE064C6470674577225 /* Pods_InstaVK.framework */; };
/* End PBXBuildFile section */

/* Begin PBXFileReference section */
		024B0E2205A7B9203B0D2A6A /* Pods-InstaVK.debug.xcconfig */ = {isa = PBXFileReference; includeInIndex = 1; lastKnownFileType = text.xcconfig; name = "Pods-InstaVK.debug.xcconfig"; path = "Pods/Target Support Files/Pods-InstaVK/Pods-InstaVK.debug.xcconfig"; sourceTree = "<group>"; };
		113CB12E1E86A2110054B413 /* NewsStoryboard.storyboard */ = {isa = PBXFileReference; fileEncoding = 4; lastKnownFileType = file.storyboard; path = NewsStoryboard.storyboard; sourceTree = "<group>"; };
		113CB1571E86B48A0054B413 /* PhotoStoryboard.storyboard */ = {isa = PBXFileReference; fileEncoding = 4; lastKnownFileType = file.storyboard; path = PhotoStoryboard.storyboard; sourceTree = "<group>"; };
		113CB1591E86B4A10054B413 /* ProfileStoryboard.storyboard */ = {isa = PBXFileReference; fileEncoding = 4; lastKnownFileType = file.storyboard; path = ProfileStoryboard.storyboard; sourceTree = "<group>"; };
		113CB1661E89AC800054B413 /* NewsController.swift */ = {isa = PBXFileReference; fileEncoding = 4; lastKnownFileType = sourcecode.swift; path = NewsController.swift; sourceTree = "<group>"; };
		113CB1681E89ACAF0054B413 /* PhotoController.swift */ = {isa = PBXFileReference; fileEncoding = 4; lastKnownFileType = sourcecode.swift; path = PhotoController.swift; sourceTree = "<group>"; };
		113CB1731E8EECBC0054B413 /* ProfileController.swift */ = {isa = PBXFileReference; fileEncoding = 4; lastKnownFileType = sourcecode.swift; path = ProfileController.swift; sourceTree = "<group>"; };
		113CB1771E8FB05A0054B413 /* UserPhotoCell.swift */ = {isa = PBXFileReference; fileEncoding = 4; lastKnownFileType = sourcecode.swift; path = UserPhotoCell.swift; sourceTree = "<group>"; };
		1156B20B1E92D3DD00FAEA51 /* HeaderProfileView.swift */ = {isa = PBXFileReference; fileEncoding = 4; lastKnownFileType = sourcecode.swift; path = HeaderProfileView.swift; sourceTree = "<group>"; };
		1156B20D1E92D4BF00FAEA51 /* ProfileGridCell.swift */ = {isa = PBXFileReference; fileEncoding = 4; lastKnownFileType = sourcecode.swift; path = ProfileGridCell.swift; sourceTree = "<group>"; };
		1156B20F1E9C155F00FAEA51 /* FollowersController.swift */ = {isa = PBXFileReference; fileEncoding = 4; lastKnownFileType = sourcecode.swift; path = FollowersController.swift; sourceTree = "<group>"; };
		1156B2111E9C1BB800FAEA51 /* FollowerCell.swift */ = {isa = PBXFileReference; fileEncoding = 4; lastKnownFileType = sourcecode.swift; path = FollowerCell.swift; sourceTree = "<group>"; };
		1156B2121E9C1BB800FAEA51 /* FollowerCell.xib */ = {isa = PBXFileReference; fileEncoding = 4; lastKnownFileType = file.xib; path = FollowerCell.xib; sourceTree = "<group>"; };
		1156B2171E9E473D00FAEA51 /* FollowingCell.swift */ = {isa = PBXFileReference; fileEncoding = 4; lastKnownFileType = sourcecode.swift; path = FollowingCell.swift; sourceTree = "<group>"; };
		1156B21B1E9E51BC00FAEA51 /* PictureController.swift */ = {isa = PBXFileReference; fileEncoding = 4; lastKnownFileType = sourcecode.swift; path = PictureController.swift; sourceTree = "<group>"; };
		1156B21D1E9ED2E000FAEA51 /* HeaderPhotoView.swift */ = {isa = PBXFileReference; fileEncoding = 4; lastKnownFileType = sourcecode.swift; path = HeaderPhotoView.swift; sourceTree = "<group>"; };
		1156B21F1E9ED30400FAEA51 /* PhotoGridCell.swift */ = {isa = PBXFileReference; fileEncoding = 4; lastKnownFileType = sourcecode.swift; path = PhotoGridCell.swift; sourceTree = "<group>"; };
		117D09001ED0471B0092378F /* User.swift */ = {isa = PBXFileReference; fileEncoding = 4; lastKnownFileType = sourcecode.swift; path = User.swift; sourceTree = "<group>"; };
		11970FDE1ED24A5D00FF1151 /* UserPhoto.swift */ = {isa = PBXFileReference; fileEncoding = 4; lastKnownFileType = sourcecode.swift; path = UserPhoto.swift; sourceTree = "<group>"; };
		11970FE01ED2EC7500FF1151 /* Photos.framework */ = {isa = PBXFileReference; lastKnownFileType = wrapper.framework; name = Photos.framework; path = System/Library/Frameworks/Photos.framework; sourceTree = SDKROOT; };
		11BF56251ED876DC00BA8A7E /* ProfilePhoto.swift */ = {isa = PBXFileReference; fileEncoding = 4; lastKnownFileType = sourcecode.swift; path = ProfilePhoto.swift; sourceTree = "<group>"; };
		11BF56291EDB1C0500BA8A7E /* PhotoCollectionView.swift */ = {isa = PBXFileReference; fileEncoding = 4; lastKnownFileType = sourcecode.swift; path = PhotoCollectionView.swift; sourceTree = "<group>"; };
		11BF562B1EDB224000BA8A7E /* PhotoViewController.swift */ = {isa = PBXFileReference; fileEncoding = 4; lastKnownFileType = sourcecode.swift; path = PhotoViewController.swift; sourceTree = "<group>"; };
		11BF562D1EDB7BD500BA8A7E /* SentPhotoTableViewController.swift */ = {isa = PBXFileReference; fileEncoding = 4; lastKnownFileType = sourcecode.swift; path = SentPhotoTableViewController.swift; sourceTree = "<group>"; };
		11FE475E1E81DE1F00D57721 /* InstaVK.app */ = {isa = PBXFileReference; explicitFileType = wrapper.application; includeInIndex = 0; path = InstaVK.app; sourceTree = BUILT_PRODUCTS_DIR; };
		11FE47611E81DE1F00D57721 /* AppDelegate.swift */ = {isa = PBXFileReference; lastKnownFileType = sourcecode.swift; path = AppDelegate.swift; sourceTree = "<group>"; };
		11FE47631E81DE1F00D57721 /* ViewController.swift */ = {isa = PBXFileReference; lastKnownFileType = sourcecode.swift; path = ViewController.swift; sourceTree = "<group>"; };
		11FE47661E81DE1F00D57721 /* Base */ = {isa = PBXFileReference; lastKnownFileType = file.storyboard; name = Base; path = Base.lproj/Main.storyboard; sourceTree = "<group>"; };
		11FE47691E81DE1F00D57721 /* InstaVK.xcdatamodel */ = {isa = PBXFileReference; lastKnownFileType = wrapper.xcdatamodel; path = InstaVK.xcdatamodel; sourceTree = "<group>"; };
		11FE476B1E81DE1F00D57721 /* Assets.xcassets */ = {isa = PBXFileReference; lastKnownFileType = folder.assetcatalog; path = Assets.xcassets; sourceTree = "<group>"; };
		11FE47701E81DE1F00D57721 /* Info.plist */ = {isa = PBXFileReference; lastKnownFileType = text.plist.xml; path = Info.plist; sourceTree = "<group>"; };
		63258F5B1EC0AEE100EC7B0A /* NetworkManager.swift */ = {isa = PBXFileReference; fileEncoding = 4; lastKnownFileType = sourcecode.swift; path = NetworkManager.swift; sourceTree = "<group>"; };
		63258F5D1EC0C36100EC7B0A /* Post.swift */ = {isa = PBXFileReference; fileEncoding = 4; lastKnownFileType = sourcecode.swift; path = Post.swift; sourceTree = "<group>"; };
		63258F5F1EC3A7F900EC7B0A /* Profile.swift */ = {isa = PBXFileReference; fileEncoding = 4; lastKnownFileType = sourcecode.swift; path = Profile.swift; sourceTree = "<group>"; };
		6336C9EB1EAD2B5500235933 /* VkAppUtils.swift */ = {isa = PBXFileReference; fileEncoding = 4; lastKnownFileType = sourcecode.swift; path = VkAppUtils.swift; sourceTree = "<group>"; };
		633BD6931EA3EC4500378414 /* LoginController.swift */ = {isa = PBXFileReference; fileEncoding = 4; lastKnownFileType = sourcecode.swift; path = LoginController.swift; sourceTree = "<group>"; };
		636862A11ED7B2F700C8A7AA /* SDWebImage.framework */ = {isa = PBXFileReference; lastKnownFileType = wrapper.framework; name = SDWebImage.framework; path = "../../../Library/Developer/Xcode/DerivedData/InstaVK-egphfzwsnzljqoboqwhujwhrckwt/Build/Products/Debug-iphoneos/SDWebImage/SDWebImage.framework"; sourceTree = "<group>"; };
		636BEE161ED3974E001B790B /* Comment.swift */ = {isa = PBXFileReference; fileEncoding = 4; lastKnownFileType = sourcecode.swift; path = Comment.swift; sourceTree = "<group>"; };
		6394EB561EB266A0005AA9DD /* Launch Screen.storyboard */ = {isa = PBXFileReference; fileEncoding = 4; lastKnownFileType = file.storyboard; path = "Launch Screen.storyboard"; sourceTree = "<group>"; };
		6394EB591EB268BF005AA9DD /* billabong.ttf */ = {isa = PBXFileReference; lastKnownFileType = file; path = billabong.ttf; sourceTree = "<group>"; };
		63A455101E93A3C2008C4D5E /* CommentCell.swift */ = {isa = PBXFileReference; fileEncoding = 4; lastKnownFileType = sourcecode.swift; path = CommentCell.swift; sourceTree = "<group>"; };
		63A455111E93A3C2008C4D5E /* CommentCell.xib */ = {isa = PBXFileReference; fileEncoding = 4; lastKnownFileType = file.xib; path = CommentCell.xib; sourceTree = "<group>"; };
		63A455141E93A7E1008C4D5E /* CommentsController.swift */ = {isa = PBXFileReference; fileEncoding = 4; lastKnownFileType = sourcecode.swift; path = CommentsController.swift; sourceTree = "<group>"; };
		63C98EC01EB4F6310042D760 /* PictureCell.swift */ = {isa = PBXFileReference; fileEncoding = 4; lastKnownFileType = sourcecode.swift; path = PictureCell.swift; sourceTree = "<group>"; };
		63C98EC11EB4F6310042D760 /* PictureCell.xib */ = {isa = PBXFileReference; fileEncoding = 4; lastKnownFileType = file.xib; path = PictureCell.xib; sourceTree = "<group>"; };
		63E3C8E41ED052C6006C6A61 /* PreviewPhotoView.swift */ = {isa = PBXFileReference; fileEncoding = 4; lastKnownFileType = sourcecode.swift; path = PreviewPhotoView.swift; sourceTree = "<group>"; };
		63EE85861ECF97CF00B79D22 /* CameraController.swift */ = {isa = PBXFileReference; fileEncoding = 4; lastKnownFileType = sourcecode.swift; path = CameraController.swift; sourceTree = "<group>"; };
		74443CE064C6470674577225 /* Pods_InstaVK.framework */ = {isa = PBXFileReference; explicitFileType = wrapper.framework; includeInIndex = 0; path = Pods_InstaVK.framework; sourceTree = BUILT_PRODUCTS_DIR; };
		AF8F380F8AECD515A4EA7D1F /* Pods-InstaVK.release.xcconfig */ = {isa = PBXFileReference; includeInIndex = 1; lastKnownFileType = text.xcconfig; name = "Pods-InstaVK.release.xcconfig"; path = "Pods/Target Support Files/Pods-InstaVK/Pods-InstaVK.release.xcconfig"; sourceTree = "<group>"; };
/* End PBXFileReference section */

/* Begin PBXFrameworksBuildPhase section */
		11FE475B1E81DE1F00D57721 /* Frameworks */ = {
			isa = PBXFrameworksBuildPhase;
			buildActionMask = 2147483647;
			files = (
				636862A21ED7B2F700C8A7AA /* SDWebImage.framework in Frameworks */,
				11970FE11ED2EC7500FF1151 /* Photos.framework in Frameworks */,
				75F7A72321B31287936D92E9 /* Pods_InstaVK.framework in Frameworks */,
			);
			runOnlyForDeploymentPostprocessing = 0;
		};
/* End PBXFrameworksBuildPhase section */

/* Begin PBXGroup section */
		113CB1301E86A2940054B413 /* Storyboard */ = {
			isa = PBXGroup;
			children = (
				11FE47651E81DE1F00D57721 /* Main.storyboard */,
				113CB12E1E86A2110054B413 /* NewsStoryboard.storyboard */,
				113CB1571E86B48A0054B413 /* PhotoStoryboard.storyboard */,
				113CB1591E86B4A10054B413 /* ProfileStoryboard.storyboard */,
			);
			name = Storyboard;
			sourceTree = "<group>";
		};
		113CB16E1E8E3AF00054B413 /* Model */ = {
			isa = PBXGroup;
			children = (
				63258F5D1EC0C36100EC7B0A /* Post.swift */,
				11BF56251ED876DC00BA8A7E /* ProfilePhoto.swift */,
				11970FDE1ED24A5D00FF1151 /* UserPhoto.swift */,
				117D09001ED0471B0092378F /* User.swift */,
				63258F5F1EC3A7F900EC7B0A /* Profile.swift */,
				636BEE161ED3974E001B790B /* Comment.swift */,
			);
			name = Model;
			sourceTree = "<group>";
		};
		113CB16F1E8E3B090054B413 /* Controller */ = {
			isa = PBXGroup;
			children = (
				633BD6931EA3EC4500378414 /* LoginController.swift */,
				113CB1661E89AC800054B413 /* NewsController.swift */,
				113CB1681E89ACAF0054B413 /* PhotoController.swift */,
				11BF562B1EDB224000BA8A7E /* PhotoViewController.swift */,
				11BF562D1EDB7BD500BA8A7E /* SentPhotoTableViewController.swift */,
				113CB1731E8EECBC0054B413 /* ProfileController.swift */,
				1156B20F1E9C155F00FAEA51 /* FollowersController.swift */,
				63A455141E93A7E1008C4D5E /* CommentsController.swift */,
				1156B21B1E9E51BC00FAEA51 /* PictureController.swift */,
				63EE85861ECF97CF00B79D22 /* CameraController.swift */,
			);
			name = Controller;
			sourceTree = "<group>";
		};
		113CB1701E8E3B150054B413 /* View */ = {
			isa = PBXGroup;
			children = (
				63A455101E93A3C2008C4D5E /* CommentCell.swift */,
				63C98EC01EB4F6310042D760 /* PictureCell.swift */,
				1156B20D1E92D4BF00FAEA51 /* ProfileGridCell.swift */,
				1156B21F1E9ED30400FAEA51 /* PhotoGridCell.swift */,
				1156B2111E9C1BB800FAEA51 /* FollowerCell.swift */,
				1156B2171E9E473D00FAEA51 /* FollowingCell.swift */,
				113CB1771E8FB05A0054B413 /* UserPhotoCell.swift */,
				1156B20B1E92D3DD00FAEA51 /* HeaderProfileView.swift */,
				1156B21D1E9ED2E000FAEA51 /* HeaderPhotoView.swift */,
				63E3C8E41ED052C6006C6A61 /* PreviewPhotoView.swift */,
				11BF56291EDB1C0500BA8A7E /* PhotoCollectionView.swift */,
			);
			name = View;
			sourceTree = "<group>";
		};
		113CB1791E8FD8D60054B413 /* Xibs */ = {
			isa = PBXGroup;
			children = (
				63C98EC11EB4F6310042D760 /* PictureCell.xib */,
				63A455111E93A3C2008C4D5E /* CommentCell.xib */,
				1156B2121E9C1BB800FAEA51 /* FollowerCell.xib */,
			);
			name = Xibs;
			sourceTree = "<group>";
		};
		11FE47551E81DE1F00D57721 = {
			isa = PBXGroup;
			children = (
				11FE47601E81DE1F00D57721 /* InstaVK */,
				11FE475F1E81DE1F00D57721 /* Products */,
				588396406D9724C4F4F0D9AA /* Pods */,
				8860831C7826514BD6BA9E7F /* Frameworks */,
			);
			sourceTree = "<group>";
		};
		11FE475F1E81DE1F00D57721 /* Products */ = {
			isa = PBXGroup;
			children = (
				11FE475E1E81DE1F00D57721 /* InstaVK.app */,
			);
			name = Products;
			sourceTree = "<group>";
		};
		11FE47601E81DE1F00D57721 /* InstaVK */ = {
			isa = PBXGroup;
			children = (
				11FE47611E81DE1F00D57721 /* AppDelegate.swift */,
				113CB1701E8E3B150054B413 /* View */,
				113CB16F1E8E3B090054B413 /* Controller */,
				113CB16E1E8E3AF00054B413 /* Model */,
				113CB1791E8FD8D60054B413 /* Xibs */,
				113CB1301E86A2940054B413 /* Storyboard */,
				11FE47631E81DE1F00D57721 /* ViewController.swift */,
				63258F5A1EC0AE9C00EC7B0A /* Services */,
				6336C9EA1EAD2B1E00235933 /* Utils */,
				11FE476B1E81DE1F00D57721 /* Assets.xcassets */,
				6394EB561EB266A0005AA9DD /* Launch Screen.storyboard */,
				11FE47701E81DE1F00D57721 /* Info.plist */,
				11FE47681E81DE1F00D57721 /* InstaVK.xcdatamodeld */,
			);
			path = InstaVK;
			sourceTree = "<group>";
		};
		588396406D9724C4F4F0D9AA /* Pods */ = {
			isa = PBXGroup;
			children = (
				024B0E2205A7B9203B0D2A6A /* Pods-InstaVK.debug.xcconfig */,
				AF8F380F8AECD515A4EA7D1F /* Pods-InstaVK.release.xcconfig */,
			);
			name = Pods;
			sourceTree = "<group>";
		};
		63258F5A1EC0AE9C00EC7B0A /* Services */ = {
			isa = PBXGroup;
			children = (
				63258F5B1EC0AEE100EC7B0A /* NetworkManager.swift */,
			);
			name = Services;
			sourceTree = "<group>";
		};
		6336C9EA1EAD2B1E00235933 /* Utils */ = {
			isa = PBXGroup;
			children = (
				6394EB581EB268A4005AA9DD /* Resources */,
				6336C9EB1EAD2B5500235933 /* VkAppUtils.swift */,
			);
			name = Utils;
			sourceTree = "<group>";
		};
		6394EB581EB268A4005AA9DD /* Resources */ = {
			isa = PBXGroup;
			children = (
				6394EB591EB268BF005AA9DD /* billabong.ttf */,
			);
			name = Resources;
			sourceTree = "<group>";
		};
		8860831C7826514BD6BA9E7F /* Frameworks */ = {
			isa = PBXGroup;
			children = (
				636862A11ED7B2F700C8A7AA /* SDWebImage.framework */,
				11970FE01ED2EC7500FF1151 /* Photos.framework */,
				74443CE064C6470674577225 /* Pods_InstaVK.framework */,
			);
			name = Frameworks;
			sourceTree = "<group>";
		};
/* End PBXGroup section */

/* Begin PBXNativeTarget section */
		11FE475D1E81DE1F00D57721 /* InstaVK */ = {
			isa = PBXNativeTarget;
			buildConfigurationList = 11FE47731E81DE1F00D57721 /* Build configuration list for PBXNativeTarget "InstaVK" */;
			buildPhases = (
				09AF4A5519797DCAC2B5F290 /* [CP] Check Pods Manifest.lock */,
				11FE475A1E81DE1F00D57721 /* Sources */,
				11FE475B1E81DE1F00D57721 /* Frameworks */,
				11FE475C1E81DE1F00D57721 /* Resources */,
				F5886422791FB2EE03794579 /* [CP] Embed Pods Frameworks */,
				CBB2DD61E7239F82F38AE0AC /* [CP] Copy Pods Resources */,
			);
			buildRules = (
			);
			dependencies = (
			);
			name = InstaVK;
			productName = InstaVK;
			productReference = 11FE475E1E81DE1F00D57721 /* InstaVK.app */;
			productType = "com.apple.product-type.application";
		};
/* End PBXNativeTarget section */

/* Begin PBXProject section */
		11FE47561E81DE1F00D57721 /* Project object */ = {
			isa = PBXProject;
			attributes = {
				KnownAssetTags = (
					New,
				);
				LastSwiftUpdateCheck = 0820;
				LastUpgradeCheck = 0820;
				ORGANIZATIONNAME = "Nikita Susoev";
				TargetAttributes = {
					11FE475D1E81DE1F00D57721 = {
						CreatedOnToolsVersion = 8.2.1;
						DevelopmentTeam = LBW34LLWG3;
						ProvisioningStyle = Automatic;
					};
				};
			};
			buildConfigurationList = 11FE47591E81DE1F00D57721 /* Build configuration list for PBXProject "InstaVK" */;
			compatibilityVersion = "Xcode 3.2";
			developmentRegion = English;
			hasScannedForEncodings = 0;
			knownRegions = (
				en,
				Base,
			);
			mainGroup = 11FE47551E81DE1F00D57721;
			productRefGroup = 11FE475F1E81DE1F00D57721 /* Products */;
			projectDirPath = "";
			projectRoot = "";
			targets = (
				11FE475D1E81DE1F00D57721 /* InstaVK */,
			);
		};
/* End PBXProject section */

/* Begin PBXResourcesBuildPhase section */
		11FE475C1E81DE1F00D57721 /* Resources */ = {
			isa = PBXResourcesBuildPhase;
			buildActionMask = 2147483647;
			files = (
				6394EB5A1EB268BF005AA9DD /* billabong.ttf in Resources */,
				1156B2141E9C1BB800FAEA51 /* FollowerCell.xib in Resources */,
				113CB1581E86B48A0054B413 /* PhotoStoryboard.storyboard in Resources */,
				63C98EC31EB4F6310042D760 /* PictureCell.xib in Resources */,
				63A455131E93A3C2008C4D5E /* CommentCell.xib in Resources */,
				6394EB571EB266A0005AA9DD /* Launch Screen.storyboard in Resources */,
				113CB12F1E86A2110054B413 /* NewsStoryboard.storyboard in Resources */,
				113CB15A1E86B4A10054B413 /* ProfileStoryboard.storyboard in Resources */,
				11FE476C1E81DE1F00D57721 /* Assets.xcassets in Resources */,
				11FE47671E81DE1F00D57721 /* Main.storyboard in Resources */,
			);
			runOnlyForDeploymentPostprocessing = 0;
		};
/* End PBXResourcesBuildPhase section */

/* Begin PBXShellScriptBuildPhase section */
		09AF4A5519797DCAC2B5F290 /* [CP] Check Pods Manifest.lock */ = {
			isa = PBXShellScriptBuildPhase;
			buildActionMask = 2147483647;
			files = (
			);
			inputPaths = (
			);
			name = "[CP] Check Pods Manifest.lock";
			outputPaths = (
			);
			runOnlyForDeploymentPostprocessing = 0;
			shellPath = /bin/sh;
			shellScript = "diff \"${PODS_ROOT}/../Podfile.lock\" \"${PODS_ROOT}/Manifest.lock\" > /dev/null\nif [ $? != 0 ] ; then\n    # print error to STDERR\n    echo \"error: The sandbox is not in sync with the Podfile.lock. Run 'pod install' or update your CocoaPods installation.\" >&2\n    exit 1\nfi\n";
			showEnvVarsInLog = 0;
		};
		CBB2DD61E7239F82F38AE0AC /* [CP] Copy Pods Resources */ = {
			isa = PBXShellScriptBuildPhase;
			buildActionMask = 2147483647;
			files = (
			);
			inputPaths = (
			);
			name = "[CP] Copy Pods Resources";
			outputPaths = (
			);
			runOnlyForDeploymentPostprocessing = 0;
			shellPath = /bin/sh;
			shellScript = "\"${SRCROOT}/Pods/Target Support Files/Pods-InstaVK/Pods-InstaVK-resources.sh\"\n";
			showEnvVarsInLog = 0;
		};
		F5886422791FB2EE03794579 /* [CP] Embed Pods Frameworks */ = {
			isa = PBXShellScriptBuildPhase;
			buildActionMask = 2147483647;
			files = (
			);
			inputPaths = (
			);
			name = "[CP] Embed Pods Frameworks";
			outputPaths = (
			);
			runOnlyForDeploymentPostprocessing = 0;
			shellPath = /bin/sh;
			shellScript = "\"${SRCROOT}/Pods/Target Support Files/Pods-InstaVK/Pods-InstaVK-frameworks.sh\"\n";
			showEnvVarsInLog = 0;
		};
/* End PBXShellScriptBuildPhase section */

/* Begin PBXSourcesBuildPhase section */
		11FE475A1E81DE1F00D57721 /* Sources */ = {
			isa = PBXSourcesBuildPhase;
			buildActionMask = 2147483647;
			files = (
				63258F5C1EC0AEE100EC7B0A /* NetworkManager.swift in Sources */,
				11BF562E1EDB7BD500BA8A7E /* SentPhotoTableViewController.swift in Sources */,
				633BD6951EA3EC4500378414 /* LoginController.swift in Sources */,
				113CB1691E89ACAF0054B413 /* PhotoController.swift in Sources */,
				117D09011ED0471B0092378F /* User.swift in Sources */,
				63258F5E1EC0C36100EC7B0A /* Post.swift in Sources */,
				113CB1781E8FB05A0054B413 /* UserPhotoCell.swift in Sources */,
				1156B2131E9C1BB800FAEA51 /* FollowerCell.swift in Sources */,
				1156B2191E9E473D00FAEA51 /* FollowingCell.swift in Sources */,
				1156B20C1E92D3DD00FAEA51 /* HeaderProfileView.swift in Sources */,
				11FE47641E81DE1F00D57721 /* ViewController.swift in Sources */,
				63C98EC21EB4F6310042D760 /* PictureCell.swift in Sources */,
				63E3C8E51ED052C6006C6A61 /* PreviewPhotoView.swift in Sources */,
				1156B21C1E9E51BC00FAEA51 /* PictureController.swift in Sources */,
				11FE47621E81DE1F00D57721 /* AppDelegate.swift in Sources */,
				11BF56261ED876DC00BA8A7E /* ProfilePhoto.swift in Sources */,
				63EE85871ECF97CF00B79D22 /* CameraController.swift in Sources */,
				11970FDF1ED24A5D00FF1151 /* UserPhoto.swift in Sources */,
				63A455161E93A7E1008C4D5E /* CommentsController.swift in Sources */,
				113CB1671E89AC800054B413 /* NewsController.swift in Sources */,
				113CB1741E8EECBC0054B413 /* ProfileController.swift in Sources */,
				1156B21E1E9ED2E000FAEA51 /* HeaderPhotoView.swift in Sources */,
				1156B2201E9ED30400FAEA51 /* PhotoGridCell.swift in Sources */,
				1156B2101E9C155F00FAEA51 /* FollowersController.swift in Sources */,
				11FE476A1E81DE1F00D57721 /* InstaVK.xcdatamodeld in Sources */,
				63258F601EC3A7F900EC7B0A /* Profile.swift in Sources */,
				1156B20E1E92D4BF00FAEA51 /* ProfileGridCell.swift in Sources */,
				11BF562A1EDB1C0500BA8A7E /* PhotoCollectionView.swift in Sources */,
				63A455121E93A3C2008C4D5E /* CommentCell.swift in Sources */,
				11BF562C1EDB224000BA8A7E /* PhotoViewController.swift in Sources */,
				636BEE171ED3974E001B790B /* Comment.swift in Sources */,
				6336C9EC1EAD2B5500235933 /* VkAppUtils.swift in Sources */,
			);
			runOnlyForDeploymentPostprocessing = 0;
		};
/* End PBXSourcesBuildPhase section */

/* Begin PBXVariantGroup section */
		11FE47651E81DE1F00D57721 /* Main.storyboard */ = {
			isa = PBXVariantGroup;
			children = (
				11FE47661E81DE1F00D57721 /* Base */,
			);
			name = Main.storyboard;
			sourceTree = "<group>";
		};
/* End PBXVariantGroup section */

/* Begin XCBuildConfiguration section */
		11FE47711E81DE1F00D57721 /* Debug */ = {
			isa = XCBuildConfiguration;
			buildSettings = {
				ALWAYS_SEARCH_USER_PATHS = NO;
				CLANG_ANALYZER_NONNULL = YES;
				CLANG_CXX_LANGUAGE_STANDARD = "gnu++0x";
				CLANG_CXX_LIBRARY = "libc++";
				CLANG_ENABLE_MODULES = YES;
				CLANG_ENABLE_OBJC_ARC = YES;
				CLANG_WARN_BOOL_CONVERSION = YES;
				CLANG_WARN_CONSTANT_CONVERSION = YES;
				CLANG_WARN_DIRECT_OBJC_ISA_USAGE = YES_ERROR;
				CLANG_WARN_DOCUMENTATION_COMMENTS = YES;
				CLANG_WARN_EMPTY_BODY = YES;
				CLANG_WARN_ENUM_CONVERSION = YES;
				CLANG_WARN_INFINITE_RECURSION = YES;
				CLANG_WARN_INT_CONVERSION = YES;
				CLANG_WARN_OBJC_ROOT_CLASS = YES_ERROR;
				CLANG_WARN_SUSPICIOUS_MOVE = YES;
				CLANG_WARN_UNREACHABLE_CODE = YES;
				CLANG_WARN__DUPLICATE_METHOD_MATCH = YES;
				"CODE_SIGN_IDENTITY[sdk=iphoneos*]" = "iPhone Developer";
				COPY_PHASE_STRIP = NO;
				DEBUG_INFORMATION_FORMAT = dwarf;
				ENABLE_STRICT_OBJC_MSGSEND = YES;
				ENABLE_TESTABILITY = YES;
				GCC_C_LANGUAGE_STANDARD = gnu99;
				GCC_DYNAMIC_NO_PIC = NO;
				GCC_NO_COMMON_BLOCKS = YES;
				GCC_OPTIMIZATION_LEVEL = 0;
				GCC_PREPROCESSOR_DEFINITIONS = (
					"DEBUG=1",
					"$(inherited)",
				);
				GCC_WARN_64_TO_32_BIT_CONVERSION = YES;
				GCC_WARN_ABOUT_RETURN_TYPE = YES_ERROR;
				GCC_WARN_UNDECLARED_SELECTOR = YES;
				GCC_WARN_UNINITIALIZED_AUTOS = YES_AGGRESSIVE;
				GCC_WARN_UNUSED_FUNCTION = YES;
				GCC_WARN_UNUSED_VARIABLE = YES;
				IPHONEOS_DEPLOYMENT_TARGET = 10.2;
				MTL_ENABLE_DEBUG_INFO = YES;
				ONLY_ACTIVE_ARCH = YES;
				SDKROOT = iphoneos;
				SWIFT_ACTIVE_COMPILATION_CONDITIONS = DEBUG;
				SWIFT_OPTIMIZATION_LEVEL = "-Onone";
				TARGETED_DEVICE_FAMILY = "1,2";
			};
			name = Debug;
		};
		11FE47721E81DE1F00D57721 /* Release */ = {
			isa = XCBuildConfiguration;
			buildSettings = {
				ALWAYS_SEARCH_USER_PATHS = NO;
				CLANG_ANALYZER_NONNULL = YES;
				CLANG_CXX_LANGUAGE_STANDARD = "gnu++0x";
				CLANG_CXX_LIBRARY = "libc++";
				CLANG_ENABLE_MODULES = YES;
				CLANG_ENABLE_OBJC_ARC = YES;
				CLANG_WARN_BOOL_CONVERSION = YES;
				CLANG_WARN_CONSTANT_CONVERSION = YES;
				CLANG_WARN_DIRECT_OBJC_ISA_USAGE = YES_ERROR;
				CLANG_WARN_DOCUMENTATION_COMMENTS = YES;
				CLANG_WARN_EMPTY_BODY = YES;
				CLANG_WARN_ENUM_CONVERSION = YES;
				CLANG_WARN_INFINITE_RECURSION = YES;
				CLANG_WARN_INT_CONVERSION = YES;
				CLANG_WARN_OBJC_ROOT_CLASS = YES_ERROR;
				CLANG_WARN_SUSPICIOUS_MOVE = YES;
				CLANG_WARN_UNREACHABLE_CODE = YES;
				CLANG_WARN__DUPLICATE_METHOD_MATCH = YES;
				"CODE_SIGN_IDENTITY[sdk=iphoneos*]" = "iPhone Developer";
				COPY_PHASE_STRIP = NO;
				DEBUG_INFORMATION_FORMAT = "dwarf-with-dsym";
				ENABLE_NS_ASSERTIONS = NO;
				ENABLE_STRICT_OBJC_MSGSEND = YES;
				GCC_C_LANGUAGE_STANDARD = gnu99;
				GCC_NO_COMMON_BLOCKS = YES;
				GCC_WARN_64_TO_32_BIT_CONVERSION = YES;
				GCC_WARN_ABOUT_RETURN_TYPE = YES_ERROR;
				GCC_WARN_UNDECLARED_SELECTOR = YES;
				GCC_WARN_UNINITIALIZED_AUTOS = YES_AGGRESSIVE;
				GCC_WARN_UNUSED_FUNCTION = YES;
				GCC_WARN_UNUSED_VARIABLE = YES;
				IPHONEOS_DEPLOYMENT_TARGET = 10.2;
				MTL_ENABLE_DEBUG_INFO = NO;
				SDKROOT = iphoneos;
				SWIFT_OPTIMIZATION_LEVEL = "-Owholemodule";
				TARGETED_DEVICE_FAMILY = "1,2";
				VALIDATE_PRODUCT = YES;
			};
			name = Release;
		};
		11FE47741E81DE1F00D57721 /* Debug */ = {
			isa = XCBuildConfiguration;
			baseConfigurationReference = 024B0E2205A7B9203B0D2A6A /* Pods-InstaVK.debug.xcconfig */;
			buildSettings = {
				ASSETCATALOG_COMPILER_APPICON_NAME = AppIcon;
				DEVELOPMENT_TEAM = LBW34LLWG3;
				INFOPLIST_FILE = InstaVK/Info.plist;
				LD_RUNPATH_SEARCH_PATHS = "$(inherited) @executable_path/Frameworks";
				PRODUCT_BUNDLE_IDENTIFIER = NikitaSusoev.InstaVK;
				PRODUCT_NAME = "$(TARGET_NAME)";
				SWIFT_VERSION = 3.0;
			};
			name = Debug;
		};
		11FE47751E81DE1F00D57721 /* Release */ = {
			isa = XCBuildConfiguration;
			baseConfigurationReference = AF8F380F8AECD515A4EA7D1F /* Pods-InstaVK.release.xcconfig */;
			buildSettings = {
				ASSETCATALOG_COMPILER_APPICON_NAME = AppIcon;
				DEVELOPMENT_TEAM = LBW34LLWG3;
				INFOPLIST_FILE = InstaVK/Info.plist;
				LD_RUNPATH_SEARCH_PATHS = "$(inherited) @executable_path/Frameworks";
				PRODUCT_BUNDLE_IDENTIFIER = NikitaSusoev.InstaVK;
				PRODUCT_NAME = "$(TARGET_NAME)";
				SWIFT_VERSION = 3.0;
			};
			name = Release;
		};
/* End XCBuildConfiguration section */

/* Begin XCConfigurationList section */
		11FE47591E81DE1F00D57721 /* Build configuration list for PBXProject "InstaVK" */ = {
			isa = XCConfigurationList;
			buildConfigurations = (
				11FE47711E81DE1F00D57721 /* Debug */,
				11FE47721E81DE1F00D57721 /* Release */,
			);
			defaultConfigurationIsVisible = 0;
			defaultConfigurationName = Release;
		};
		11FE47731E81DE1F00D57721 /* Build configuration list for PBXNativeTarget "InstaVK" */ = {
			isa = XCConfigurationList;
			buildConfigurations = (
				11FE47741E81DE1F00D57721 /* Debug */,
				11FE47751E81DE1F00D57721 /* Release */,
			);
			defaultConfigurationIsVisible = 0;
			defaultConfigurationName = Release;
		};
/* End XCConfigurationList section */

/* Begin XCVersionGroup section */
		11FE47681E81DE1F00D57721 /* InstaVK.xcdatamodeld */ = {
			isa = XCVersionGroup;
			children = (
				11FE47691E81DE1F00D57721 /* InstaVK.xcdatamodel */,
			);
			currentVersion = 11FE47691E81DE1F00D57721 /* InstaVK.xcdatamodel */;
			path = InstaVK.xcdatamodeld;
			sourceTree = "<group>";
			versionGroupType = wrapper.xcdatamodel;
		};
/* End XCVersionGroup section */
	};
	rootObject = 11FE47561E81DE1F00D57721 /* Project object */;
}
