// !$*UTF8*$!
{
	archiveVersion = 1;
	classes = {
	};
	objectVersion = 46;
	objects = {

/* Begin PBXBuildFile section */
		113CB12F1E86A2110054B413 /* NewsStoryboard.storyboard in Resources */ = {isa = PBXBuildFile; fileRef = 113CB12E1E86A2110054B413 /* NewsStoryboard.storyboard */; };
		113CB1581E86B48A0054B413 /* PhotoStoryboard.storyboard in Resources */ = {isa = PBXBuildFile; fileRef = 113CB1571E86B48A0054B413 /* PhotoStoryboard.storyboard */; };
		113CB15A1E86B4A10054B413 /* ProfileStoryboard.storyboard in Resources */ = {isa = PBXBuildFile; fileRef = 113CB1591E86B4A10054B413 /* ProfileStoryboard.storyboard */; };
		113CB1671E89AC800054B413 /* NewsController.swift in Sources */ = {isa = PBXBuildFile; fileRef = 113CB1661E89AC800054B413 /* NewsController.swift */; };
		113CB1691E89ACAF0054B413 /* PhotoController.swift in Sources */ = {isa = PBXBuildFile; fileRef = 113CB1681E89ACAF0054B413 /* PhotoController.swift */; };
		113CB16C1E8B91C60054B413 /* PictureCell.swift in Sources */ = {isa = PBXBuildFile; fileRef = 113CB16A1E8B91C60054B413 /* PictureCell.swift */; };
		113CB16D1E8B91C60054B413 /* PictureCell.xib in Resources */ = {isa = PBXBuildFile; fileRef = 113CB16B1E8B91C60054B413 /* PictureCell.xib */; };
		113CB1741E8EECBC0054B413 /* ProfileController.swift in Sources */ = {isa = PBXBuildFile; fileRef = 113CB1731E8EECBC0054B413 /* ProfileController.swift */; };
		113CB1761E8FA8EB0054B413 /* User.swift in Sources */ = {isa = PBXBuildFile; fileRef = 113CB1751E8FA8EB0054B413 /* User.swift */; };
		113CB1781E8FB05A0054B413 /* UserPhotoCell.swift in Sources */ = {isa = PBXBuildFile; fileRef = 113CB1771E8FB05A0054B413 /* UserPhotoCell.swift */; };
		1156B20C1E92D3DD00FAEA51 /* HeaderProfileView.swift in Sources */ = {isa = PBXBuildFile; fileRef = 1156B20B1E92D3DD00FAEA51 /* HeaderProfileView.swift */; };
		1156B20E1E92D4BF00FAEA51 /* ProfileGridCell.swift in Sources */ = {isa = PBXBuildFile; fileRef = 1156B20D1E92D4BF00FAEA51 /* ProfileGridCell.swift */; };
		11FE47621E81DE1F00D57721 /* AppDelegate.swift in Sources */ = {isa = PBXBuildFile; fileRef = 11FE47611E81DE1F00D57721 /* AppDelegate.swift */; };
		11FE47641E81DE1F00D57721 /* ViewController.swift in Sources */ = {isa = PBXBuildFile; fileRef = 11FE47631E81DE1F00D57721 /* ViewController.swift */; };
		11FE47671E81DE1F00D57721 /* Main.storyboard in Resources */ = {isa = PBXBuildFile; fileRef = 11FE47651E81DE1F00D57721 /* Main.storyboard */; };
		11FE476A1E81DE1F00D57721 /* InstaVK.xcdatamodeld in Sources */ = {isa = PBXBuildFile; fileRef = 11FE47681E81DE1F00D57721 /* InstaVK.xcdatamodeld */; };
		11FE476C1E81DE1F00D57721 /* Assets.xcassets in Resources */ = {isa = PBXBuildFile; fileRef = 11FE476B1E81DE1F00D57721 /* Assets.xcassets */; };
		11FE476F1E81DE1F00D57721 /* LaunchScreen.storyboard in Resources */ = {isa = PBXBuildFile; fileRef = 11FE476D1E81DE1F00D57721 /* LaunchScreen.storyboard */; };
		63A455121E93A3C2008C4D5E /* CommentCell.swift in Sources */ = {isa = PBXBuildFile; fileRef = 63A455101E93A3C2008C4D5E /* CommentCell.swift */; };
		63A455131E93A3C2008C4D5E /* CommentCell.xib in Resources */ = {isa = PBXBuildFile; fileRef = 63A455111E93A3C2008C4D5E /* CommentCell.xib */; };
/* End PBXBuildFile section */

/* Begin PBXFileReference section */
		113CB12E1E86A2110054B413 /* NewsStoryboard.storyboard */ = {isa = PBXFileReference; fileEncoding = 4; lastKnownFileType = file.storyboard; path = NewsStoryboard.storyboard; sourceTree = "<group>"; };
		113CB1571E86B48A0054B413 /* PhotoStoryboard.storyboard */ = {isa = PBXFileReference; fileEncoding = 4; lastKnownFileType = file.storyboard; path = PhotoStoryboard.storyboard; sourceTree = "<group>"; };
		113CB1591E86B4A10054B413 /* ProfileStoryboard.storyboard */ = {isa = PBXFileReference; fileEncoding = 4; lastKnownFileType = file.storyboard; path = ProfileStoryboard.storyboard; sourceTree = "<group>"; };
		113CB1661E89AC800054B413 /* NewsController.swift */ = {isa = PBXFileReference; fileEncoding = 4; lastKnownFileType = sourcecode.swift; path = NewsController.swift; sourceTree = "<group>"; };
		113CB1681E89ACAF0054B413 /* PhotoController.swift */ = {isa = PBXFileReference; fileEncoding = 4; lastKnownFileType = sourcecode.swift; path = PhotoController.swift; sourceTree = "<group>"; };
		113CB16A1E8B91C60054B413 /* PictureCell.swift */ = {isa = PBXFileReference; fileEncoding = 4; lastKnownFileType = sourcecode.swift; path = PictureCell.swift; sourceTree = "<group>"; };
		113CB16B1E8B91C60054B413 /* PictureCell.xib */ = {isa = PBXFileReference; fileEncoding = 4; lastKnownFileType = file.xib; path = PictureCell.xib; sourceTree = "<group>"; };
		113CB1731E8EECBC0054B413 /* ProfileController.swift */ = {isa = PBXFileReference; fileEncoding = 4; lastKnownFileType = sourcecode.swift; path = ProfileController.swift; sourceTree = "<group>"; };
		113CB1751E8FA8EB0054B413 /* User.swift */ = {isa = PBXFileReference; fileEncoding = 4; lastKnownFileType = sourcecode.swift; path = User.swift; sourceTree = "<group>"; };
		113CB1771E8FB05A0054B413 /* UserPhotoCell.swift */ = {isa = PBXFileReference; fileEncoding = 4; lastKnownFileType = sourcecode.swift; path = UserPhotoCell.swift; sourceTree = "<group>"; };
		1156B20B1E92D3DD00FAEA51 /* HeaderProfileView.swift */ = {isa = PBXFileReference; fileEncoding = 4; lastKnownFileType = sourcecode.swift; path = HeaderProfileView.swift; sourceTree = "<group>"; };
		1156B20D1E92D4BF00FAEA51 /* ProfileGridCell.swift */ = {isa = PBXFileReference; fileEncoding = 4; lastKnownFileType = sourcecode.swift; path = ProfileGridCell.swift; sourceTree = "<group>"; };
		11FE475E1E81DE1F00D57721 /* InstaVK.app */ = {isa = PBXFileReference; explicitFileType = wrapper.application; includeInIndex = 0; path = InstaVK.app; sourceTree = BUILT_PRODUCTS_DIR; };
		11FE47611E81DE1F00D57721 /* AppDelegate.swift */ = {isa = PBXFileReference; lastKnownFileType = sourcecode.swift; path = AppDelegate.swift; sourceTree = "<group>"; };
		11FE47631E81DE1F00D57721 /* ViewController.swift */ = {isa = PBXFileReference; lastKnownFileType = sourcecode.swift; path = ViewController.swift; sourceTree = "<group>"; };
		11FE47661E81DE1F00D57721 /* Base */ = {isa = PBXFileReference; lastKnownFileType = file.storyboard; name = Base; path = Base.lproj/Main.storyboard; sourceTree = "<group>"; };
		11FE47691E81DE1F00D57721 /* InstaVK.xcdatamodel */ = {isa = PBXFileReference; lastKnownFileType = wrapper.xcdatamodel; path = InstaVK.xcdatamodel; sourceTree = "<group>"; };
		11FE476B1E81DE1F00D57721 /* Assets.xcassets */ = {isa = PBXFileReference; lastKnownFileType = folder.assetcatalog; path = Assets.xcassets; sourceTree = "<group>"; };
		11FE476E1E81DE1F00D57721 /* Base */ = {isa = PBXFileReference; lastKnownFileType = file.storyboard; name = Base; path = Base.lproj/LaunchScreen.storyboard; sourceTree = "<group>"; };
		11FE47701E81DE1F00D57721 /* Info.plist */ = {isa = PBXFileReference; lastKnownFileType = text.plist.xml; path = Info.plist; sourceTree = "<group>"; };
		63A455101E93A3C2008C4D5E /* CommentCell.swift */ = {isa = PBXFileReference; fileEncoding = 4; lastKnownFileType = sourcecode.swift; path = CommentCell.swift; sourceTree = "<group>"; };
		63A455111E93A3C2008C4D5E /* CommentCell.xib */ = {isa = PBXFileReference; fileEncoding = 4; lastKnownFileType = file.xib; path = CommentCell.xib; sourceTree = "<group>"; };
/* End PBXFileReference section */

/* Begin PBXFrameworksBuildPhase section */
		11FE475B1E81DE1F00D57721 /* Frameworks */ = {
			isa = PBXFrameworksBuildPhase;
			buildActionMask = 2147483647;
			files = (
			);
			runOnlyForDeploymentPostprocessing = 0;
		};
/* End PBXFrameworksBuildPhase section */

/* Begin PBXGroup section */
		113CB1301E86A2940054B413 /* Storyboard */ = {
			isa = PBXGroup;
			children = (
				11FE47651E81DE1F00D57721 /* Main.storyboard */,
				113CB12E1E86A2110054B413 /* NewsStoryboard.storyboard */,
				113CB1571E86B48A0054B413 /* PhotoStoryboard.storyboard */,
				113CB1591E86B4A10054B413 /* ProfileStoryboard.storyboard */,
			);
			name = Storyboard;
			sourceTree = "<group>";
		};
		113CB16E1E8E3AF00054B413 /* Model */ = {
			isa = PBXGroup;
			children = (
				113CB1751E8FA8EB0054B413 /* User.swift */,
			);
			name = Model;
			sourceTree = "<group>";
		};
		113CB16F1E8E3B090054B413 /* Controller */ = {
			isa = PBXGroup;
			children = (
				11FE47631E81DE1F00D57721 /* ViewController.swift */,
				113CB1661E89AC800054B413 /* NewsController.swift */,
				113CB1681E89ACAF0054B413 /* PhotoController.swift */,
				113CB1731E8EECBC0054B413 /* ProfileController.swift */,
			);
			name = Controller;
			sourceTree = "<group>";
		};
		113CB1701E8E3B150054B413 /* View */ = {
			isa = PBXGroup;
			children = (
				63A455101E93A3C2008C4D5E /* CommentCell.swift */,
				113CB16A1E8B91C60054B413 /* PictureCell.swift */,
				1156B20D1E92D4BF00FAEA51 /* ProfileGridCell.swift */,
				113CB1771E8FB05A0054B413 /* UserPhotoCell.swift */,
				1156B20B1E92D3DD00FAEA51 /* HeaderProfileView.swift */,
			);
			name = View;
			sourceTree = "<group>";
		};
		113CB1791E8FD8D60054B413 /* Xibs */ = {
			isa = PBXGroup;
			children = (
				113CB16B1E8B91C60054B413 /* PictureCell.xib */,
				63A455111E93A3C2008C4D5E /* CommentCell.xib */,
			);
			name = Xibs;
			sourceTree = "<group>";
		};
		11FE47551E81DE1F00D57721 = {
			isa = PBXGroup;
			children = (
				11FE47601E81DE1F00D57721 /* InstaVK */,
				11FE475F1E81DE1F00D57721 /* Products */,
			);
			sourceTree = "<group>";
		};
		11FE475F1E81DE1F00D57721 /* Products */ = {
			isa = PBXGroup;
			children = (
				11FE475E1E81DE1F00D57721 /* InstaVK.app */,
			);
			name = Products;
			sourceTree = "<group>";
		};
		11FE47601E81DE1F00D57721 /* InstaVK */ = {
			isa = PBXGroup;
			children = (
				113CB1701E8E3B150054B413 /* View */,
				113CB16F1E8E3B090054B413 /* Controller */,
				113CB16E1E8E3AF00054B413 /* Model */,
				113CB1791E8FD8D60054B413 /* Xibs */,
				113CB1301E86A2940054B413 /* Storyboard */,
				11FE47611E81DE1F00D57721 /* AppDelegate.swift */,
				11FE476B1E81DE1F00D57721 /* Assets.xcassets */,
				11FE476D1E81DE1F00D57721 /* LaunchScreen.storyboard */,
				11FE47701E81DE1F00D57721 /* Info.plist */,
				11FE47681E81DE1F00D57721 /* InstaVK.xcdatamodeld */,
			);
			path = InstaVK;
			sourceTree = "<group>";
		};
/* End PBXGroup section */

/* Begin PBXNativeTarget section */
		11FE475D1E81DE1F00D57721 /* InstaVK */ = {
			isa = PBXNativeTarget;
			buildConfigurationList = 11FE47731E81DE1F00D57721 /* Build configuration list for PBXNativeTarget "InstaVK" */;
			buildPhases = (
				11FE475A1E81DE1F00D57721 /* Sources */,
				11FE475B1E81DE1F00D57721 /* Frameworks */,
				11FE475C1E81DE1F00D57721 /* Resources */,
			);
			buildRules = (
			);
			dependencies = (
			);
			name = InstaVK;
			productName = InstaVK;
			productReference = 11FE475E1E81DE1F00D57721 /* InstaVK.app */;
			productType = "com.apple.product-type.application";
		};
/* End PBXNativeTarget section */

/* Begin PBXProject section */
		11FE47561E81DE1F00D57721 /* Project object */ = {
			isa = PBXProject;
			attributes = {
				LastSwiftUpdateCheck = 0820;
				LastUpgradeCheck = 0820;
				ORGANIZATIONNAME = "Nikita Susoev";
				TargetAttributes = {
					11FE475D1E81DE1F00D57721 = {
						CreatedOnToolsVersion = 8.2.1;
						ProvisioningStyle = Automatic;
					};
				};
			};
			buildConfigurationList = 11FE47591E81DE1F00D57721 /* Build configuration list for PBXProject "InstaVK" */;
			compatibilityVersion = "Xcode 3.2";
			developmentRegion = English;
			hasScannedForEncodings = 0;
			knownRegions = (
				en,
				Base,
			);
			mainGroup = 11FE47551E81DE1F00D57721;
			productRefGroup = 11FE475F1E81DE1F00D57721 /* Products */;
			projectDirPath = "";
			projectRoot = "";
			targets = (
				11FE475D1E81DE1F00D57721 /* InstaVK */,
			);
		};
/* End PBXProject section */

/* Begin PBXResourcesBuildPhase section */
		11FE475C1E81DE1F00D57721 /* Resources */ = {
			isa = PBXResourcesBuildPhase;
			buildActionMask = 2147483647;
			files = (
				113CB16D1E8B91C60054B413 /* PictureCell.xib in Resources */,
				11FE476F1E81DE1F00D57721 /* LaunchScreen.storyboard in Resources */,
				113CB1581E86B48A0054B413 /* PhotoStoryboard.storyboard in Resources */,
				63A455131E93A3C2008C4D5E /* CommentCell.xib in Resources */,
				113CB12F1E86A2110054B413 /* NewsStoryboard.storyboard in Resources */,
				113CB15A1E86B4A10054B413 /* ProfileStoryboard.storyboard in Resources */,
				11FE476C1E81DE1F00D57721 /* Assets.xcassets in Resources */,
				11FE47671E81DE1F00D57721 /* Main.storyboard in Resources */,
			);
			runOnlyForDeploymentPostprocessing = 0;
		};
/* End PBXResourcesBuildPhase section */

/* Begin PBXSourcesBuildPhase section */
		11FE475A1E81DE1F00D57721 /* Sources */ = {
			isa = PBXSourcesBuildPhase;
			buildActionMask = 2147483647;
			files = (
				113CB1691E89ACAF0054B413 /* PhotoController.swift in Sources */,
				113CB1781E8FB05A0054B413 /* UserPhotoCell.swift in Sources */,
				1156B20C1E92D3DD00FAEA51 /* HeaderProfileView.swift in Sources */,
				11FE47641E81DE1F00D57721 /* ViewController.swift in Sources */,
				11FE47621E81DE1F00D57721 /* AppDelegate.swift in Sources */,
				113CB1671E89AC800054B413 /* NewsController.swift in Sources */,
				113CB1741E8EECBC0054B413 /* ProfileController.swift in Sources */,
				113CB16C1E8B91C60054B413 /* PictureCell.swift in Sources */,
				113CB1761E8FA8EB0054B413 /* User.swift in Sources */,
				11FE476A1E81DE1F00D57721 /* InstaVK.xcdatamodeld in Sources */,
				1156B20E1E92D4BF00FAEA51 /* ProfileGridCell.swift in Sources */,
				63A455121E93A3C2008C4D5E /* CommentCell.swift in Sources */,
			);
			runOnlyForDeploymentPostprocessing = 0;
		};
/* End PBXSourcesBuildPhase section */

/* Begin PBXVariantGroup section */
		11FE47651E81DE1F00D57721 /* Main.storyboard */ = {
			isa = PBXVariantGroup;
			children = (
				11FE47661E81DE1F00D57721 /* Base */,
			);
			name = Main.storyboard;
			sourceTree = "<group>";
		};
		11FE476D1E81DE1F00D57721 /* LaunchScreen.storyboard */ = {
			isa = PBXVariantGroup;
			children = (
				11FE476E1E81DE1F00D57721 /* Base */,
			);
			name = LaunchScreen.storyboard;
			sourceTree = "<group>";
		};
/* End PBXVariantGroup section */

/* Begin XCBuildConfiguration section */
		11FE47711E81DE1F00D57721 /* Debug */ = {
			isa = XCBuildConfiguration;
			buildSettings = {
				ALWAYS_SEARCH_USER_PATHS = NO;
				CLANG_ANALYZER_NONNULL = YES;
				CLANG_CXX_LANGUAGE_STANDARD = "gnu++0x";
				CLANG_CXX_LIBRARY = "libc++";
				CLANG_ENABLE_MODULES = YES;
				CLANG_ENABLE_OBJC_ARC = YES;
				CLANG_WARN_BOOL_CONVERSION = YES;
				CLANG_WARN_CONSTANT_CONVERSION = YES;
				CLANG_WARN_DIRECT_OBJC_ISA_USAGE = YES_ERROR;
				CLANG_WARN_DOCUMENTATION_COMMENTS = YES;
				CLANG_WARN_EMPTY_BODY = YES;
				CLANG_WARN_ENUM_CONVERSION = YES;
				CLANG_WARN_INFINITE_RECURSION = YES;
				CLANG_WARN_INT_CONVERSION = YES;
				CLANG_WARN_OBJC_ROOT_CLASS = YES_ERROR;
				CLANG_WARN_SUSPICIOUS_MOVE = YES;
				CLANG_WARN_UNREACHABLE_CODE = YES;
				CLANG_WARN__DUPLICATE_METHOD_MATCH = YES;
				"CODE_SIGN_IDENTITY[sdk=iphoneos*]" = "iPhone Developer";
				COPY_PHASE_STRIP = NO;
				DEBUG_INFORMATION_FORMAT = dwarf;
				ENABLE_STRICT_OBJC_MSGSEND = YES;
				ENABLE_TESTABILITY = YES;
				GCC_C_LANGUAGE_STANDARD = gnu99;
				GCC_DYNAMIC_NO_PIC = NO;
				GCC_NO_COMMON_BLOCKS = YES;
				GCC_OPTIMIZATION_LEVEL = 0;
				GCC_PREPROCESSOR_DEFINITIONS = (
					"DEBUG=1",
					"$(inherited)",
				);
				GCC_WARN_64_TO_32_BIT_CONVERSION = YES;
				GCC_WARN_ABOUT_RETURN_TYPE = YES_ERROR;
				GCC_WARN_UNDECLARED_SELECTOR = YES;
				GCC_WARN_UNINITIALIZED_AUTOS = YES_AGGRESSIVE;
				GCC_WARN_UNUSED_FUNCTION = YES;
				GCC_WARN_UNUSED_VARIABLE = YES;
				IPHONEOS_DEPLOYMENT_TARGET = 10.2;
				MTL_ENABLE_DEBUG_INFO = YES;
				ONLY_ACTIVE_ARCH = YES;
				SDKROOT = iphoneos;
				SWIFT_ACTIVE_COMPILATION_CONDITIONS = DEBUG;
				SWIFT_OPTIMIZATION_LEVEL = "-Onone";
				TARGETED_DEVICE_FAMILY = "1,2";
			};
			name = Debug;
		};
		11FE47721E81DE1F00D57721 /* Release */ = {
			isa = XCBuildConfiguration;
			buildSettings = {
				ALWAYS_SEARCH_USER_PATHS = NO;
				CLANG_ANALYZER_NONNULL = YES;
				CLANG_CXX_LANGUAGE_STANDARD = "gnu++0x";
				CLANG_CXX_LIBRARY = "libc++";
				CLANG_ENABLE_MODULES = YES;
				CLANG_ENABLE_OBJC_ARC = YES;
				CLANG_WARN_BOOL_CONVERSION = YES;
				CLANG_WARN_CONSTANT_CONVERSION = YES;
				CLANG_WARN_DIRECT_OBJC_ISA_USAGE = YES_ERROR;
				CLANG_WARN_DOCUMENTATION_COMMENTS = YES;
				CLANG_WARN_EMPTY_BODY = YES;
				CLANG_WARN_ENUM_CONVERSION = YES;
				CLANG_WARN_INFINITE_RECURSION = YES;
				CLANG_WARN_INT_CONVERSION = YES;
				CLANG_WARN_OBJC_ROOT_CLASS = YES_ERROR;
				CLANG_WARN_SUSPICIOUS_MOVE = YES;
				CLANG_WARN_UNREACHABLE_CODE = YES;
				CLANG_WARN__DUPLICATE_METHOD_MATCH = YES;
				"CODE_SIGN_IDENTITY[sdk=iphoneos*]" = "iPhone Developer";
				COPY_PHASE_STRIP = NO;
				DEBUG_INFORMATION_FORMAT = "dwarf-with-dsym";
				ENABLE_NS_ASSERTIONS = NO;
				ENABLE_STRICT_OBJC_MSGSEND = YES;
				GCC_C_LANGUAGE_STANDARD = gnu99;
				GCC_NO_COMMON_BLOCKS = YES;
				GCC_WARN_64_TO_32_BIT_CONVERSION = YES;
				GCC_WARN_ABOUT_RETURN_TYPE = YES_ERROR;
				GCC_WARN_UNDECLARED_SELECTOR = YES;
				GCC_WARN_UNINITIALIZED_AUTOS = YES_AGGRESSIVE;
				GCC_WARN_UNUSED_FUNCTION = YES;
				GCC_WARN_UNUSED_VARIABLE = YES;
				IPHONEOS_DEPLOYMENT_TARGET = 10.2;
				MTL_ENABLE_DEBUG_INFO = NO;
				SDKROOT = iphoneos;
				SWIFT_OPTIMIZATION_LEVEL = "-Owholemodule";
				TARGETED_DEVICE_FAMILY = "1,2";
				VALIDATE_PRODUCT = YES;
			};
			name = Release;
		};
		11FE47741E81DE1F00D57721 /* Debug */ = {
			isa = XCBuildConfiguration;
			buildSettings = {
				ASSETCATALOG_COMPILER_APPICON_NAME = AppIcon;
				INFOPLIST_FILE = InstaVK/Info.plist;
				LD_RUNPATH_SEARCH_PATHS = "$(inherited) @executable_path/Frameworks";
				PRODUCT_BUNDLE_IDENTIFIER = NikitaSusoev.InstaVK;
				PRODUCT_NAME = "$(TARGET_NAME)";
				SWIFT_VERSION = 3.0;
			};
			name = Debug;
		};
		11FE47751E81DE1F00D57721 /* Release */ = {
			isa = XCBuildConfiguration;
			buildSettings = {
				ASSETCATALOG_COMPILER_APPICON_NAME = AppIcon;
				INFOPLIST_FILE = InstaVK/Info.plist;
				LD_RUNPATH_SEARCH_PATHS = "$(inherited) @executable_path/Frameworks";
				PRODUCT_BUNDLE_IDENTIFIER = NikitaSusoev.InstaVK;
				PRODUCT_NAME = "$(TARGET_NAME)";
				SWIFT_VERSION = 3.0;
			};
			name = Release;
		};
/* End XCBuildConfiguration section */

/* Begin XCConfigurationList section */
		11FE47591E81DE1F00D57721 /* Build configuration list for PBXProject "InstaVK" */ = {
			isa = XCConfigurationList;
			buildConfigurations = (
				11FE47711E81DE1F00D57721 /* Debug */,
				11FE47721E81DE1F00D57721 /* Release */,
			);
			defaultConfigurationIsVisible = 0;
			defaultConfigurationName = Release;
		};
		11FE47731E81DE1F00D57721 /* Build configuration list for PBXNativeTarget "InstaVK" */ = {
			isa = XCConfigurationList;
			buildConfigurations = (
				11FE47741E81DE1F00D57721 /* Debug */,
				11FE47751E81DE1F00D57721 /* Release */,
			);
			defaultConfigurationIsVisible = 0;
			defaultConfigurationName = Release;
		};
/* End XCConfigurationList section */

/* Begin XCVersionGroup section */
		11FE47681E81DE1F00D57721 /* InstaVK.xcdatamodeld */ = {
			isa = XCVersionGroup;
			children = (
				11FE47691E81DE1F00D57721 /* InstaVK.xcdatamodel */,
			);
			currentVersion = 11FE47691E81DE1F00D57721 /* InstaVK.xcdatamodel */;
			path = InstaVK.xcdatamodeld;
			sourceTree = "<group>";
			versionGroupType = wrapper.xcdatamodel;
		};
/* End XCVersionGroup section */
	};
	rootObject = 11FE47561E81DE1F00D57721 /* Project object */;
}
